
Microsoft Visual Studio Solution File, Format Version 12.00
# Visual Studio Version 17
VisualStudioVersion = 17.1.32210.238
MinimumVisualStudioVersion = 10.0.40219.1
Project("{2150E333-8FDC-42A3-9474-1A3956D46DE8}") = "Services", "Services", "{338F6930-9455-422D-AA12-C1939980E4B0}"
EndProject
Project("{2150E333-8FDC-42A3-9474-1A3956D46DE8}") = "WebApps", "WebApps", "{11F94233-CE96-4AEA-9CC7-00DF88D737E6}"
EndProject
Project("{2150E333-8FDC-42A3-9474-1A3956D46DE8}") = "Cadastros", "Cadastros", "{724D1719-039A-4DBF-9D14-9AFA2FBC88C3}"
EndProject
Project("{2150E333-8FDC-42A3-9474-1A3956D46DE8}") = "Catalogo", "Catalogo", "{6913D831-F1FF-4B38-ADDC-8876CF3E0CC9}"
EndProject
Project("{2150E333-8FDC-42A3-9474-1A3956D46DE8}") = "Core", "Core", "{9E2BA7DB-BC79-4BD1-BA12-7845EA3A205B}"
EndProject
Project("{2150E333-8FDC-42A3-9474-1A3956D46DE8}") = "Fiscal", "Fiscal", "{8E21F30E-D8BB-4E1A-8E78-81462FAD1C9C}"
EndProject
Project("{2150E333-8FDC-42A3-9474-1A3956D46DE8}") = "Pagamentos", "Pagamentos", "{6FEB1E7D-0778-48E0-B898-B3EE6DFE3E8F}"
EndProject
Project("{2150E333-8FDC-42A3-9474-1A3956D46DE8}") = "Vendas", "Vendas", "{E97646FC-F8FA-4D8B-8802-2386393C6A18}"
EndProject
Project("{9A19103F-16F7-4668-BE54-9A1E7A4F7556}") = "DDDStore.Catalogo.Domain", "src\DDDStore.Catalogo.Domain\DDDStore.Catalogo.Domain.csproj", "{FC8BED0B-4626-4EFF-9413-618D5131C3EA}"
EndProject
Project("{9A19103F-16F7-4668-BE54-9A1E7A4F7556}") = "DDDStore.Core", "src\DDDStore.Core\DDDStore.Core.csproj", "{8BB1B641-F91D-4BDD-86FC-BC321B50FE65}"
EndProject
Project("{2150E333-8FDC-42A3-9474-1A3956D46DE8}") = "Tests", "Tests", "{6530CB12-C627-4049-9290-F8504A00FAD4}"
EndProject
Project("{9A19103F-16F7-4668-BE54-9A1E7A4F7556}") = "DDDStore.Catalogo.Domain.Tests", "tests\DDDStore.Catalogo.Domain.Tests\DDDStore.Catalogo.Domain.Tests.csproj", "{1497C62E-876E-4571-9929-5EA0E03C86D4}"
EndProject
Project("{FAE04EC0-301F-11D3-BF4B-00C04F79EFBC}") = "DDDStore.Catalogo.Data", "src\DDDStore.Catalogo.Data\DDDStore.Catalogo.Data.csproj", "{A62CD58F-034F-45DA-B5FA-051D3A1EEFEE}"
EndProject
Global
	GlobalSection(SolutionConfigurationPlatforms) = preSolution
		Debug|Any CPU = Debug|Any CPU
		Release|Any CPU = Release|Any CPU
	EndGlobalSection
	GlobalSection(ProjectConfigurationPlatforms) = postSolution
		{FC8BED0B-4626-4EFF-9413-618D5131C3EA}.Debug|Any CPU.ActiveCfg = Debug|Any CPU
		{FC8BED0B-4626-4EFF-9413-618D5131C3EA}.Debug|Any CPU.Build.0 = Debug|Any CPU
		{FC8BED0B-4626-4EFF-9413-618D5131C3EA}.Release|Any CPU.ActiveCfg = Release|Any CPU
		{FC8BED0B-4626-4EFF-9413-618D5131C3EA}.Release|Any CPU.Build.0 = Release|Any CPU
		{8BB1B641-F91D-4BDD-86FC-BC321B50FE65}.Debug|Any CPU.ActiveCfg = Debug|Any CPU
		{8BB1B641-F91D-4BDD-86FC-BC321B50FE65}.Debug|Any CPU.Build.0 = Debug|Any CPU
		{8BB1B641-F91D-4BDD-86FC-BC321B50FE65}.Release|Any CPU.ActiveCfg = Release|Any CPU
		{8BB1B641-F91D-4BDD-86FC-BC321B50FE65}.Release|Any CPU.Build.0 = Release|Any CPU
		{1497C62E-876E-4571-9929-5EA0E03C86D4}.Debug|Any CPU.ActiveCfg = Debug|Any CPU
		{1497C62E-876E-4571-9929-5EA0E03C86D4}.Debug|Any CPU.Build.0 = Debug|Any CPU
		{1497C62E-876E-4571-9929-5EA0E03C86D4}.Release|Any CPU.ActiveCfg = Release|Any CPU
		{1497C62E-876E-4571-9929-5EA0E03C86D4}.Release|Any CPU.Build.0 = Release|Any CPU
		{A62CD58F-034F-45DA-B5FA-051D3A1EEFEE}.Debug|Any CPU.ActiveCfg = Debug|Any CPU
		{A62CD58F-034F-45DA-B5FA-051D3A1EEFEE}.Debug|Any CPU.Build.0 = Debug|Any CPU
		{A62CD58F-034F-45DA-B5FA-051D3A1EEFEE}.Release|Any CPU.ActiveCfg = Release|Any CPU
		{A62CD58F-034F-45DA-B5FA-051D3A1EEFEE}.Release|Any CPU.Build.0 = Release|Any CPU
	EndGlobalSection
	GlobalSection(SolutionProperties) = preSolution
		HideSolutionNode = FALSE
	EndGlobalSection
	GlobalSection(NestedProjects) = preSolution
		{724D1719-039A-4DBF-9D14-9AFA2FBC88C3} = {338F6930-9455-422D-AA12-C1939980E4B0}
		{6913D831-F1FF-4B38-ADDC-8876CF3E0CC9} = {338F6930-9455-422D-AA12-C1939980E4B0}
		{9E2BA7DB-BC79-4BD1-BA12-7845EA3A205B} = {338F6930-9455-422D-AA12-C1939980E4B0}
		{8E21F30E-D8BB-4E1A-8E78-81462FAD1C9C} = {338F6930-9455-422D-AA12-C1939980E4B0}
		{6FEB1E7D-0778-48E0-B898-B3EE6DFE3E8F} = {338F6930-9455-422D-AA12-C1939980E4B0}
		{E97646FC-F8FA-4D8B-8802-2386393C6A18} = {338F6930-9455-422D-AA12-C1939980E4B0}
		{FC8BED0B-4626-4EFF-9413-618D5131C3EA} = {6913D831-F1FF-4B38-ADDC-8876CF3E0CC9}
		{8BB1B641-F91D-4BDD-86FC-BC321B50FE65} = {9E2BA7DB-BC79-4BD1-BA12-7845EA3A205B}
		{6530CB12-C627-4049-9290-F8504A00FAD4} = {6913D831-F1FF-4B38-ADDC-8876CF3E0CC9}
		{1497C62E-876E-4571-9929-5EA0E03C86D4} = {6530CB12-C627-4049-9290-F8504A00FAD4}
		{A62CD58F-034F-45DA-B5FA-051D3A1EEFEE} = {6913D831-F1FF-4B38-ADDC-8876CF3E0CC9}
	EndGlobalSection
	GlobalSection(ExtensibilityGlobals) = postSolution
		SolutionGuid = {AA825B84-BA01-4619-812D-8745A2118FBD}
	EndGlobalSection
EndGlobal
